// !$*UTF8*$!
{
	archiveVersion = 1;
	classes = {
	};
	objectVersion = 77;
	objects = {

/* Begin PBXBuildFile section */
		12B889B82E5D6BF200F32A43 /* AppDelegate.swift in Sources */ = {isa = PBXBuildFile; fileRef = 12B889AD2E5D6BF200F32A43 /* AppDelegate.swift */; };
		12B889B92E5D6BF200F32A43 /* SceneDelegate.swift in Sources */ = {isa = PBXBuildFile; fileRef = 12B889AE2E5D6BF200F32A43 /* SceneDelegate.swift */; };
		12B889BA2E5D6BF200F32A43 /* UIKit_test_app.xcdatamodeld in Sources */ = {isa = PBXBuildFile; fileRef = 12B889B42E5D6BF200F32A43 /* UIKit_test_app.xcdatamodeld */; };
		12B889BB2E5D6BF200F32A43 /* MainView.swift in Sources */ = {isa = PBXBuildFile; fileRef = 12B889B52E5D6BF200F32A43 /* MainView.swift */; };
		12B889BC2E5D6BF200F32A43 /* Assets.xcassets in Resources */ = {isa = PBXBuildFile; fileRef = 12B889B02E5D6BF200F32A43 /* Assets.xcassets */; };
		12B889BE2E5D6BF200F32A43 /* LaunchScreen.storyboard in Resources */ = {isa = PBXBuildFile; fileRef = 12B889B32E5D6BF200F32A43 /* LaunchScreen.storyboard */; };
		12B889CB2E5D6C9300F32A43 /* MainViewModel.swift in Sources */ = {isa = PBXBuildFile; fileRef = 12B889CA2E5D6C9300F32A43 /* MainViewModel.swift */; };
/* End PBXBuildFile section */

/* Begin PBXFileReference section */
		12B8898C2E5D654A00F32A43 /* UIKit-test-app.app */ = {isa = PBXFileReference; explicitFileType = wrapper.application; includeInIndex = 0; path = "UIKit-test-app.app"; sourceTree = BUILT_PRODUCTS_DIR; };
		12B889AD2E5D6BF200F32A43 /* AppDelegate.swift */ = {isa = PBXFileReference; lastKnownFileType = sourcecode.swift; path = AppDelegate.swift; sourceTree = "<group>"; };
		12B889AE2E5D6BF200F32A43 /* SceneDelegate.swift */ = {isa = PBXFileReference; lastKnownFileType = sourcecode.swift; path = SceneDelegate.swift; sourceTree = "<group>"; };
		12B889B02E5D6BF200F32A43 /* Assets.xcassets */ = {isa = PBXFileReference; lastKnownFileType = folder.assetcatalog; path = Assets.xcassets; sourceTree = "<group>"; };
		12B889B12E5D6BF200F32A43 /* Info.plist */ = {isa = PBXFileReference; lastKnownFileType = text.plist.xml; path = Info.plist; sourceTree = "<group>"; };
		12B889B22E5D6BF200F32A43 /* Base */ = {isa = PBXFileReference; lastKnownFileType = file.storyboard; name = Base; path = Base.lproj/LaunchScreen.storyboard; sourceTree = "<group>"; };
		12B889B52E5D6BF200F32A43 /* MainView.swift */ = {isa = PBXFileReference; lastKnownFileType = sourcecode.swift; path = MainView.swift; sourceTree = "<group>"; };
		12B889B72E5D6BF200F32A43 /* UIKit_test_app.xcdatamodel */ = {isa = PBXFileReference; lastKnownFileType = wrapper.xcdatamodel; path = UIKit_test_app.xcdatamodel; sourceTree = "<group>"; };
		12B889CA2E5D6C9300F32A43 /* MainViewModel.swift */ = {isa = PBXFileReference; lastKnownFileType = sourcecode.swift; path = MainViewModel.swift; sourceTree = "<group>"; };
/* End PBXFileReference section */

/* Begin PBXFrameworksBuildPhase section */
		12B889892E5D654A00F32A43 /* Frameworks */ = {
			isa = PBXFrameworksBuildPhase;
			buildActionMask = 2147483647;
			files = (
			);
			runOnlyForDeploymentPostprocessing = 0;
		};
/* End PBXFrameworksBuildPhase section */

/* Begin PBXGroup section */
		12B889832E5D654A00F32A43 = {
			isa = PBXGroup;
			children = (
				12B889B62E5D6BF200F32A43 /* UIKit-test-app */,
				12B8898D2E5D654A00F32A43 /* Products */,
			);
			sourceTree = "<group>";
		};
		12B8898D2E5D654A00F32A43 /* Products */ = {
			isa = PBXGroup;
			children = (
				12B8898C2E5D654A00F32A43 /* UIKit-test-app.app */,
			);
			name = Products;
			sourceTree = "<group>";
		};
		12B889AF2E5D6BF200F32A43 /* ApplicationLayer */ = {
			isa = PBXGroup;
			children = (
				12B889AD2E5D6BF200F32A43 /* AppDelegate.swift */,
				12B889AE2E5D6BF200F32A43 /* SceneDelegate.swift */,
			);
			path = ApplicationLayer;
			sourceTree = "<group>";
		};
		12B889B62E5D6BF200F32A43 /* UIKit-test-app */ = {
			isa = PBXGroup;
			children = (
				12B889B12E5D6BF200F32A43 /* Info.plist */,
				12B889C82E5D6C4600F32A43 /* Source */,
				12B889CD2E5D6E4F00F32A43 /* NetworkingLayer */,
				12B889CC2E5D6C9F00F32A43 /* Resource */,
				12B889AF2E5D6BF200F32A43 /* ApplicationLayer */,
				12B889B42E5D6BF200F32A43 /* UIKit_test_app.xcdatamodeld */,
			);
			path = "UIKit-test-app";
			sourceTree = "<group>";
		};
		12B889C82E5D6C4600F32A43 /* Source */ = {
			isa = PBXGroup;
			children = (
				12B889C92E5D6C8700F32A43 /* Main */,
			);
			path = Source;
			sourceTree = "<group>";
		};
		12B889C92E5D6C8700F32A43 /* Main */ = {
			isa = PBXGroup;
			children = (
				12B889B52E5D6BF200F32A43 /* MainView.swift */,
				12B889CA2E5D6C9300F32A43 /* MainViewModel.swift */,
			);
			path = Main;
			sourceTree = "<group>";
		};
		12B889CC2E5D6C9F00F32A43 /* Resource */ = {
			isa = PBXGroup;
			children = (
				12B889B02E5D6BF200F32A43 /* Assets.xcassets */,
				12B889B32E5D6BF200F32A43 /* LaunchScreen.storyboard */,
			);
			path = Resource;
			sourceTree = "<group>";
		};
		12B889CD2E5D6E4F00F32A43 /* NetworkingLayer */ = {
			isa = PBXGroup;
			children = (
			);
			path = NetworkingLayer;
			sourceTree = "<group>";
		};
/* End PBXGroup section */

/* Begin PBXNativeTarget section */
		12B8898B2E5D654A00F32A43 /* UIKit-test-app */ = {
			isa = PBXNativeTarget;
			buildConfigurationList = 12B889A22E5D654B00F32A43 /* Build configuration list for PBXNativeTarget "UIKit-test-app" */;
			buildPhases = (
				12B889882E5D654A00F32A43 /* Sources */,
				12B889892E5D654A00F32A43 /* Frameworks */,
				12B8898A2E5D654A00F32A43 /* Resources */,
			);
			buildRules = (
			);
			dependencies = (
			);
			name = "UIKit-test-app";
			packageProductDependencies = (
			);
			productName = "UIKit-test-app";
			productReference = 12B8898C2E5D654A00F32A43 /* UIKit-test-app.app */;
			productType = "com.apple.product-type.application";
		};
/* End PBXNativeTarget section */

/* Begin PBXProject section */
		12B889842E5D654A00F32A43 /* Project object */ = {
			isa = PBXProject;
			attributes = {
				BuildIndependentTargetsInParallel = 1;
				LastSwiftUpdateCheck = 1620;
				LastUpgradeCheck = 1620;
				TargetAttributes = {
					12B8898B2E5D654A00F32A43 = {
						CreatedOnToolsVersion = 16.2;
					};
				};
			};
			buildConfigurationList = 12B889872E5D654A00F32A43 /* Build configuration list for PBXProject "UIKit-test-app" */;
			developmentRegion = en;
			hasScannedForEncodings = 0;
			knownRegions = (
				en,
				Base,
			);
			mainGroup = 12B889832E5D654A00F32A43;
			minimizedProjectReferenceProxies = 1;
			preferredProjectObjectVersion = 77;
			productRefGroup = 12B8898D2E5D654A00F32A43 /* Products */;
			projectDirPath = "";
			projectRoot = "";
			targets = (
				12B8898B2E5D654A00F32A43 /* UIKit-test-app */,
			);
		};
/* End PBXProject section */

/* Begin PBXResourcesBuildPhase section */
		12B8898A2E5D654A00F32A43 /* Resources */ = {
			isa = PBXResourcesBuildPhase;
			buildActionMask = 2147483647;
			files = (
				12B889BC2E5D6BF200F32A43 /* Assets.xcassets in Resources */,
				12B889BE2E5D6BF200F32A43 /* LaunchScreen.storyboard in Resources */,
			);
			runOnlyForDeploymentPostprocessing = 0;
		};
/* End PBXResourcesBuildPhase section */

/* Begin PBXSourcesBuildPhase section */
		12B889882E5D654A00F32A43 /* Sources */ = {
			isa = PBXSourcesBuildPhase;
			buildActionMask = 2147483647;
			files = (
				12B889CB2E5D6C9300F32A43 /* MainViewModel.swift in Sources */,
				12B889B82E5D6BF200F32A43 /* AppDelegate.swift in Sources */,
				12B889B92E5D6BF200F32A43 /* SceneDelegate.swift in Sources */,
				12B889BA2E5D6BF200F32A43 /* UIKit_test_app.xcdatamodeld in Sources */,
				12B889BB2E5D6BF200F32A43 /* MainView.swift in Sources */,
			);
			runOnlyForDeploymentPostprocessing = 0;
		};
/* End PBXSourcesBuildPhase section */

/* Begin PBXVariantGroup section */
		12B889B32E5D6BF200F32A43 /* LaunchScreen.storyboard */ = {
			isa = PBXVariantGroup;
			children = (
				12B889B22E5D6BF200F32A43 /* Base */,
			);
			name = LaunchScreen.storyboard;
			sourceTree = "<group>";
		};
/* End PBXVariantGroup section */

/* Begin XCBuildConfiguration section */
		12B889A32E5D654B00F32A43 /* Debug */ = {
			isa = XCBuildConfiguration;
			buildSettings = {
				ASSETCATALOG_COMPILER_APPICON_NAME = AppIcon;
				ASSETCATALOG_COMPILER_GLOBAL_ACCENT_COLOR_NAME = AccentColor;
				CODE_SIGN_STYLE = Automatic;
				CURRENT_PROJECT_VERSION = 1;
				DEVELOPMENT_TEAM = VTKQQ2B9S4;
				GENERATE_INFOPLIST_FILE = YES;
				INFOPLIST_FILE = "UIKit-test-app/Info.plist";
				INFOPLIST_KEY_UIApplicationSupportsIndirectInputEvents = YES;
				INFOPLIST_KEY_UILaunchStoryboardName = LaunchScreen;
				INFOPLIST_KEY_UISupportedInterfaceOrientations_iPad = "UIInterfaceOrientationPortrait UIInterfaceOrientationPortraitUpsideDown UIInterfaceOrientationLandscapeLeft UIInterfaceOrientationLandscapeRight";
				INFOPLIST_KEY_UISupportedInterfaceOrientations_iPhone = "UIInterfaceOrientationPortrait UIInterfaceOrientationLandscapeLeft UIInterfaceOrientationLandscapeRight";
				LD_RUNPATH_SEARCH_PATHS = (
					"$(inherited)",
					"@executable_path/Frameworks",
				);
				MARKETING_VERSION = 1.0;
				PRODUCT_BUNDLE_IDENTIFIER = "abduqakhkhor.UIKit-test-app";
				PRODUCT_NAME = "$(TARGET_NAME)";
				SWIFT_EMIT_LOC_STRINGS = YES;
				SWIFT_VERSION = 5.0;
				TARGETED_DEVICE_FAMILY = "1,2";
			};
			name = Debug;
		};
		12B889A42E5D654B00F32A43 /* Release */ = {
			isa = XCBuildConfiguration;
			buildSettings = {
				ASSETCATALOG_COMPILER_APPICON_NAME = AppIcon;
				ASSETCATALOG_COMPILER_GLOBAL_ACCENT_COLOR_NAME = AccentColor;
				CODE_SIGN_STYLE = Automatic;
				CURRENT_PROJECT_VERSION = 1;
				DEVELOPMENT_TEAM = VTKQQ2B9S4;
				GENERATE_INFOPLIST_FILE = YES;
				INFOPLIST_FILE = "UIKit-test-app/Info.plist";
				INFOPLIST_KEY_UIApplicationSupportsIndirectInputEvents = YES;
				INFOPLIST_KEY_UILaunchStoryboardName = LaunchScreen;
				INFOPLIST_KEY_UISupportedInterfaceOrientations_iPad = "UIInterfaceOrientationPortrait UIInterfaceOrientationPortraitUpsideDown UIInterfaceOrientationLandscapeLeft UIInterfaceOrientationLandscapeRight";
				INFOPLIST_KEY_UISupportedInterfaceOrientations_iPhone = "UIInterfaceOrientationPortrait UIInterfaceOrientationLandscapeLeft UIInterfaceOrientationLandscapeRight";
				LD_RUNPATH_SEARCH_PATHS = (
					"$(inherited)",
					"@executable_path/Frameworks",
				);
				MARKETING_VERSION = 1.0;
				PRODUCT_BUNDLE_IDENTIFIER = "abduqakhkhor.UIKit-test-app";
				PRODUCT_NAME = "$(TARGET_NAME)";
				SWIFT_EMIT_LOC_STRINGS = YES;
				SWIFT_VERSION = 5.0;
				TARGETED_DEVICE_FAMILY = "1,2";
			};
			name = Release;
		};
		12B889A52E5D654B00F32A43 /* Debug */ = {
			isa = XCBuildConfiguration;
			buildSettings = {
				ALWAYS_SEARCH_USER_PATHS = NO;
				ASSETCATALOG_COMPILER_GENERATE_SWIFT_ASSET_SYMBOL_EXTENSIONS = YES;
				CLANG_ANALYZER_NONNULL = YES;
				CLANG_ANALYZER_NUMBER_OBJECT_CONVERSION = YES_AGGRESSIVE;
				CLANG_CXX_LANGUAGE_STANDARD = "gnu++20";
				CLANG_ENABLE_MODULES = YES;
				CLANG_ENABLE_OBJC_ARC = YES;
				CLANG_ENABLE_OBJC_WEAK = YES;
				CLANG_WARN_BLOCK_CAPTURE_AUTORELEASING = YES;
				CLANG_WARN_BOOL_CONVERSION = YES;
				CLANG_WARN_COMMA = YES;
				CLANG_WARN_CONSTANT_CONVERSION = YES;
				CLANG_WARN_DEPRECATED_OBJC_IMPLEMENTATIONS = YES;
				CLANG_WARN_DIRECT_OBJC_ISA_USAGE = YES_ERROR;
				CLANG_WARN_DOCUMENTATION_COMMENTS = YES;
				CLANG_WARN_EMPTY_BODY = YES;
				CLANG_WARN_ENUM_CONVERSION = YES;
				CLANG_WARN_INFINITE_RECURSION = YES;
				CLANG_WARN_INT_CONVERSION = YES;
				CLANG_WARN_NON_LITERAL_NULL_CONVERSION = YES;
				CLANG_WARN_OBJC_IMPLICIT_RETAIN_SELF = YES;
				CLANG_WARN_OBJC_LITERAL_CONVERSION = YES;
				CLANG_WARN_OBJC_ROOT_CLASS = YES_ERROR;
				CLANG_WARN_QUOTED_INCLUDE_IN_FRAMEWORK_HEADER = YES;
				CLANG_WARN_RANGE_LOOP_ANALYSIS = YES;
				CLANG_WARN_STRICT_PROTOTYPES = YES;
				CLANG_WARN_SUSPICIOUS_MOVE = YES;
				CLANG_WARN_UNGUARDED_AVAILABILITY = YES_AGGRESSIVE;
				CLANG_WARN_UNREACHABLE_CODE = YES;
				CLANG_WARN__DUPLICATE_METHOD_MATCH = YES;
				COPY_PHASE_STRIP = NO;
				DEBUG_INFORMATION_FORMAT = dwarf;
				ENABLE_STRICT_OBJC_MSGSEND = YES;
				ENABLE_TESTABILITY = YES;
				ENABLE_USER_SCRIPT_SANDBOXING = YES;
				GCC_C_LANGUAGE_STANDARD = gnu17;
				GCC_DYNAMIC_NO_PIC = NO;
				GCC_NO_COMMON_BLOCKS = YES;
				GCC_OPTIMIZATION_LEVEL = 0;
				GCC_PREPROCESSOR_DEFINITIONS = (
					"DEBUG=1",
					"$(inherited)",
				);
				GCC_WARN_64_TO_32_BIT_CONVERSION = YES;
				GCC_WARN_ABOUT_RETURN_TYPE = YES_ERROR;
				GCC_WARN_UNDECLARED_SELECTOR = YES;
				GCC_WARN_UNINITIALIZED_AUTOS = YES_AGGRESSIVE;
				GCC_WARN_UNUSED_FUNCTION = YES;
				GCC_WARN_UNUSED_VARIABLE = YES;
				IPHONEOS_DEPLOYMENT_TARGET = 18.2;
				LOCALIZATION_PREFERS_STRING_CATALOGS = YES;
				MTL_ENABLE_DEBUG_INFO = INCLUDE_SOURCE;
				MTL_FAST_MATH = YES;
				ONLY_ACTIVE_ARCH = YES;
				SDKROOT = iphoneos;
				SWIFT_ACTIVE_COMPILATION_CONDITIONS = "DEBUG $(inherited)";
				SWIFT_OPTIMIZATION_LEVEL = "-Onone";
			};
			name = Debug;
		};
		12B889A62E5D654B00F32A43 /* Release */ = {
			isa = XCBuildConfiguration;
			buildSettings = {
				ALWAYS_SEARCH_USER_PATHS = NO;
				ASSETCATALOG_COMPILER_GENERATE_SWIFT_ASSET_SYMBOL_EXTENSIONS = YES;
				CLANG_ANALYZER_NONNULL = YES;
				CLANG_ANALYZER_NUMBER_OBJECT_CONVERSION = YES_AGGRESSIVE;
				CLANG_CXX_LANGUAGE_STANDARD = "gnu++20";
				CLANG_ENABLE_MODULES = YES;
				CLANG_ENABLE_OBJC_ARC = YES;
				CLANG_ENABLE_OBJC_WEAK = YES;
				CLANG_WARN_BLOCK_CAPTURE_AUTORELEASING = YES;
				CLANG_WARN_BOOL_CONVERSION = YES;
				CLANG_WARN_COMMA = YES;
				CLANG_WARN_CONSTANT_CONVERSION = YES;
				CLANG_WARN_DEPRECATED_OBJC_IMPLEMENTATIONS = YES;
				CLANG_WARN_DIRECT_OBJC_ISA_USAGE = YES_ERROR;
				CLANG_WARN_DOCUMENTATION_COMMENTS = YES;
				CLANG_WARN_EMPTY_BODY = YES;
				CLANG_WARN_ENUM_CONVERSION = YES;
				CLANG_WARN_INFINITE_RECURSION = YES;
				CLANG_WARN_INT_CONVERSION = YES;
				CLANG_WARN_NON_LITERAL_NULL_CONVERSION = YES;
				CLANG_WARN_OBJC_IMPLICIT_RETAIN_SELF = YES;
				CLANG_WARN_OBJC_LITERAL_CONVERSION = YES;
				CLANG_WARN_OBJC_ROOT_CLASS = YES_ERROR;
				CLANG_WARN_QUOTED_INCLUDE_IN_FRAMEWORK_HEADER = YES;
				CLANG_WARN_RANGE_LOOP_ANALYSIS = YES;
				CLANG_WARN_STRICT_PROTOTYPES = YES;
				CLANG_WARN_SUSPICIOUS_MOVE = YES;
				CLANG_WARN_UNGUARDED_AVAILABILITY = YES_AGGRESSIVE;
				CLANG_WARN_UNREACHABLE_CODE = YES;
				CLANG_WARN__DUPLICATE_METHOD_MATCH = YES;
				COPY_PHASE_STRIP = NO;
				DEBUG_INFORMATION_FORMAT = "dwarf-with-dsym";
				ENABLE_NS_ASSERTIONS = NO;
				ENABLE_STRICT_OBJC_MSGSEND = YES;
				ENABLE_USER_SCRIPT_SANDBOXING = YES;
				GCC_C_LANGUAGE_STANDARD = gnu17;
				GCC_NO_COMMON_BLOCKS = YES;
				GCC_WARN_64_TO_32_BIT_CONVERSION = YES;
				GCC_WARN_ABOUT_RETURN_TYPE = YES_ERROR;
				GCC_WARN_UNDECLARED_SELECTOR = YES;
				GCC_WARN_UNINITIALIZED_AUTOS = YES_AGGRESSIVE;
				GCC_WARN_UNUSED_FUNCTION = YES;
				GCC_WARN_UNUSED_VARIABLE = YES;
				IPHONEOS_DEPLOYMENT_TARGET = 18.2;
				LOCALIZATION_PREFERS_STRING_CATALOGS = YES;
				MTL_ENABLE_DEBUG_INFO = NO;
				MTL_FAST_MATH = YES;
				SDKROOT = iphoneos;
				SWIFT_COMPILATION_MODE = wholemodule;
				VALIDATE_PRODUCT = YES;
			};
			name = Release;
		};
/* End XCBuildConfiguration section */

/* Begin XCConfigurationList section */
		12B889872E5D654A00F32A43 /* Build configuration list for PBXProject "UIKit-test-app" */ = {
			isa = XCConfigurationList;
			buildConfigurations = (
				12B889A52E5D654B00F32A43 /* Debug */,
				12B889A62E5D654B00F32A43 /* Release */,
			);
			defaultConfigurationIsVisible = 0;
			defaultConfigurationName = Release;
		};
		12B889A22E5D654B00F32A43 /* Build configuration list for PBXNativeTarget "UIKit-test-app" */ = {
			isa = XCConfigurationList;
			buildConfigurations = (
				12B889A32E5D654B00F32A43 /* Debug */,
				12B889A42E5D654B00F32A43 /* Release */,
			);
			defaultConfigurationIsVisible = 0;
			defaultConfigurationName = Release;
		};
/* End XCConfigurationList section */

/* Begin XCVersionGroup section */
		12B889B42E5D6BF200F32A43 /* UIKit_test_app.xcdatamodeld */ = {
			isa = XCVersionGroup;
			children = (
				12B889B72E5D6BF200F32A43 /* UIKit_test_app.xcdatamodel */,
			);
			currentVersion = 12B889B72E5D6BF200F32A43 /* UIKit_test_app.xcdatamodel */;
			path = UIKit_test_app.xcdatamodeld;
			sourceTree = "<group>";
			versionGroupType = wrapper.xcdatamodel;
		};
/* End XCVersionGroup section */
	};
	rootObject = 12B889842E5D654A00F32A43 /* Project object */;
}
